<?xml version="1.0" encoding="utf-8"?>
<Project ToolsVersion="4.0" xmlns="http://schemas.microsoft.com/developer/msbuild/2003">
  <ItemGroup>
    <Filter Include="Source Files">
      <UniqueIdentifier>{4FC737F1-C7A5-4376-A066-2A32D752A2FF}</UniqueIdentifier>
      <Extensions>qml;cpp;c;cc;cxx;def;odl;idl;hpj;bat;asm;asmx</Extensions>
    </Filter>
    <Filter Include="Header Files">
      <UniqueIdentifier>{93995380-89BD-4b04-88EB-625FBE52EBFB}</UniqueIdentifier>
      <Extensions>h;hh;hpp;hxx;hm;inl;inc;xsd</Extensions>
    </Filter>
    <Filter Include="Resource Files">
      <UniqueIdentifier>{67DA6AB6-F800-4c08-8B7A-83BB121AAD01}</UniqueIdentifier>
      <Extensions>qrc;rc;ico;cur;bmp;dlg;rc2;rct;bin;rgs;gif;jpg;jpeg;jpe;resx;tiff;tif;png;wav;mfcribbon-ms</Extensions>
    </Filter>
    <Filter Include="Form Files">
      <UniqueIdentifier>{99349809-55BA-4b9d-BF79-8FDBB0286EB3}</UniqueIdentifier>
      <Extensions>ui</Extensions>
    </Filter>
    <Filter Include="Translation Files">
      <UniqueIdentifier>{639EADAA-A684-42e4-A9AD-28FC9BCB8F7C}</UniqueIdentifier>
      <Extensions>ts</Extensions>
    </Filter>
  </ItemGroup>
  <ItemGroup>
    <QtRcc Include="test.qrc">
      <Filter>Resource Files</Filter>
    </QtRcc>
    <QtUic Include="test.ui">
      <Filter>Form Files</Filter>
    </QtUic>
    <QtMoc Include="test.h">
      <Filter>Header Files</Filter>
    </QtMoc>
    <ClCompile Include="test.cpp">
      <Filter>Source Files</Filter>
    </ClCompile>
  </ItemGroup>
  <ItemGroup>
    <ClCompile Include="main.cpp">
      <Filter>Source Files</Filter>
    </ClCompile>
    <ClCompile Include="Admin.cpp">
      <Filter>Source Files</Filter>
    </ClCompile>
    <ClCompile Include="Materiel.cpp">
      <Filter>Source Files</Filter>
    </ClCompile>
    <ClCompile Include="Medicament.cpp">
      <Filter>Source Files</Filter>
    </ClCompile>
    <ClCompile Include="Notif.cpp">
      <Filter>Source Files</Filter>
    </ClCompile>
    <ClCompile Include="Operation.cpp">
      <Filter>Source Files</Filter>
    </ClCompile>
    <ClCompile Include="observateur.cpp">
      <Filter>Source Files</Filter>
    </ClCompile>
    <ClCompile Include="Patient.cpp">
      <Filter>Source Files</Filter>
    </ClCompile>
    <ClCompile Include="Salle.cpp">
      <Filter>Source Files</Filter>
    </ClCompile>
    <ClCompile Include="sqlite3.c">
      <Filter>Source Files</Filter>
    </ClCompile>
    <ClCompile Include="Stock.cpp">
      <Filter>Source Files</Filter>
    </ClCompile>
    <ClCompile Include="SystemeAuthentification.cpp">
      <Filter>Source Files</Filter>
    </ClCompile>
    <ClCompile Include="Technicien.cpp">
      <Filter>Source Files</Filter>
    </ClCompile>
    <ClCompile Include="Personnel.cpp">
      <Filter>Source Files</Filter>
    </ClCompile>
    <ClCompile Include="AdminInterface.cpp">
      <Filter>Source Files</Filter>
    </ClCompile>
    <ClCompile Include="ModifierUserUI.cpp">
      <Filter>Source Files</Filter>
    </ClCompile>
    <ClCompile Include="AddUserUI.cpp">
      <Filter>Source Files</Filter>
    </ClCompile>
    <ClCompile Include="DeleteUserUI.cpp">
      <Filter>Source Files</Filter>
    </ClCompile>
    <ClCompile Include="ChefDashboard.cpp">
      <Filter>Source Files</Filter>
    </ClCompile>
    <ClCompile Include="OperationUI.cpp">
      <Filter>Source Files</Filter>
    </ClCompile>
    <ClCompile Include="ListeOpUI.cpp">
      <Filter>Source Files</Filter>
    </ClCompile>
    <ClCompile Include="ListeStockUI.cpp">
      <Filter>Source Files</Filter>
    </ClCompile>
    <ClCompile Include="ChefDeBloc.cpp">
      <Filter>Source Files</Filter>
    </ClCompile>
    <ClCompile Include="TechnicienUI.cpp">
      <Filter>Source Files</Filter>
    </ClCompile>
    <ClCompile Include="PersonnelUI.cpp">
      <Filter>Source Files</Filter>
    </ClCompile>
    <ClCompile Include="ListeStockUI2.cpp">
      <Filter>Source Files</Filter>
    </ClCompile>
    <ClCompile Include="Alerte.cpp">
      <Filter>Source Files</Filter>
    </ClCompile>
    <ClCompile Include="AlerteClass.cpp">
      <Filter>Source Files</Filter>
    </ClCompile>
  </ItemGroup>
  <ItemGroup>
    <ClInclude Include="Admin.h">
      <Filter>Header Files</Filter>
    </ClInclude>
    <ClInclude Include="Materiel.h">
      <Filter>Header Files</Filter>
    </ClInclude>
    <ClInclude Include="Medicament.h">
      <Filter>Header Files</Filter>
    </ClInclude>
    <ClInclude Include="Notif.h">
      <Filter>Header Files</Filter>
    </ClInclude>
    <ClInclude Include="Operation.h">
      <Filter>Header Files</Filter>
    </ClInclude>
    <ClInclude Include="observateur.h">
      <Filter>Header Files</Filter>
    </ClInclude>
    <ClInclude Include="Personnel.h">
      <Filter>Header Files</Filter>
    </ClInclude>
    <ClInclude Include="Salle.h">
      <Filter>Header Files</Filter>
    </ClInclude>
    <ClInclude Include="sqlite3.h">
      <Filter>Header Files</Filter>
    </ClInclude>
    <ClInclude Include="Stock.h">
      <Filter>Header Files</Filter>
    </ClInclude>
    <ClInclude Include="SystemeAuthentification.h">
      <Filter>Header Files</Filter>
    </ClInclude>
    <ClInclude Include="Technicien.h">
      <Filter>Header Files</Filter>
    </ClInclude>
    <ClInclude Include="Patient.h">
      <Filter>Header Files</Filter>
    </ClInclude>
    <ClInclude Include="ChefDeBloc.h">
      <Filter>Header Files</Filter>
    </ClInclude>
    <ClInclude Include="AlerteClass.h">
      <Filter>Header Files</Filter>
    </ClInclude>
  </ItemGroup>
  <ItemGroup>
    <None Include="example.db" />
  </ItemGroup>
  <ItemGroup>
    <QtMoc Include="AdminInterface.h">
      <Filter>Header Files</Filter>
    </QtMoc>
    <QtMoc Include="ModifierUserUI.h">
      <Filter>Header Files</Filter>
    </QtMoc>
    <QtMoc Include="AddUserUI.h">
      <Filter>Header Files</Filter>
    </QtMoc>
    <QtMoc Include="DeleteUserUI.h">
      <Filter>Header Files</Filter>
    </QtMoc>
    <QtMoc Include="ChefDashboard.h">
      <Filter>Header Files</Filter>
    </QtMoc>
    <QtMoc Include="OperationUI.h">
      <Filter>Header Files</Filter>
    </QtMoc>
    <QtMoc Include="ListeOpUI.h">
      <Filter>Header Files</Filter>
    </QtMoc>
    <QtMoc Include="ListeStockUI.h">
      <Filter>Header Files</Filter>
    </QtMoc>
    <QtMoc Include="TechnicienUI.h">
      <Filter>Header Files</Filter>
    </QtMoc>
    <QtMoc Include="PersonnelUI.h">
      <Filter>Header Files</Filter>
    </QtMoc>
    <QtMoc Include="ListeStockUI2.h">
      <Filter>Header Files</Filter>
    </QtMoc>
    <QtMoc Include="Alerte.h">
      <Filter>Header Files</Filter>
    </QtMoc>
  </ItemGroup>
  <ItemGroup>
    <QtUic Include="AdminInterface.ui">
      <Filter>Form Files</Filter>
    </QtUic>
    <QtUic Include="ModifierUserUI.ui">
      <Filter>Form Files</Filter>
    </QtUic>
    <QtUic Include="AddUserUI.ui">
      <Filter>Form Files</Filter>
    </QtUic>
    <QtUic Include="DeleteUserUI.ui">
      <Filter>Form Files</Filter>
    </QtUic>
    <QtUic Include="ChefDashboard.ui">
      <Filter>Form Files</Filter>
    </QtUic>
    <QtUic Include="OperationUI.ui">
      <Filter>Form Files</Filter>
    </QtUic>
    <QtUic Include="ListeOpUI.ui">
      <Filter>Form Files</Filter>
    </QtUic>
    <QtUic Include="ListeStockUI.ui">
      <Filter>Form Files</Filter>
    </QtUic>
    <QtUic Include="TechnicienUI.ui">
      <Filter>Form Files</Filter>
    </QtUic>
    <QtUic Include="PersonnelUI.ui">
      <Filter>Form Files</Filter>
    </QtUic>
    <QtUic Include="ListeStockUI2.ui">
      <Filter>Form Files</Filter>
    </QtUic>
    <QtUic Include="Alerte.ui">
      <Filter>Form Files</Filter>
    </QtUic>
  </ItemGroup>
</Project>